PODS:
  - AFNetworking (4.0.1):
    - AFNetworking/NSURLSession (= 4.0.1)
    - AFNetworking/Reachability (= 4.0.1)
    - AFNetworking/Security (= 4.0.1)
    - AFNetworking/Serialization (= 4.0.1)
    - AFNetworking/UIKit (= 4.0.1)
  - AFNetworking/NSURLSession (4.0.1):
    - AFNetworking/Reachability
    - AFNetworking/Security
    - AFNetworking/Serialization
  - AFNetworking/Reachability (4.0.1)
  - AFNetworking/Security (4.0.1)
  - AFNetworking/Serialization (4.0.1)
  - AFNetworking/UIKit (4.0.1):
    - AFNetworking/NSURLSession
  - JSONModel (1.8.0)
  - libwebp (1.2.4):
    - libwebp/demux (= 1.2.4)
    - libwebp/mux (= 1.2.4)
    - libwebp/webp (= 1.2.4)
  - libwebp/demux (1.2.4):
    - libwebp/webp
  - libwebp/mux (1.2.4):
    - libwebp/demux
  - libwebp/webp (1.2.4)
  - Masonry (1.1.0)
  - SocketRocket (0.7.0)

DEPENDENCIES:
  - AFNetworking
  - JSONModel
  - libwebp
  - Masonry
  - SocketRocket

SPEC REPOS:
  trunk:
    - AFNetworking
    - JSONModel
    - libwebp
    - Masonry
    - SocketRocket

SPEC CHECKSUMS:
  AFNetworking: 3bd23d814e976cd148d7d44c3ab78017b744cd58
  JSONModel: 02ab723958366a3fd27da57ea2af2113658762e9
  libwebp: f62cb61d0a484ba548448a4bd52aabf150ff6eef
  Masonry: 678fab65091a9290e40e2832a55e7ab731aad201
  SocketRocket: abac6f5de4d4d62d24e11868d7a2f427e0ef940d

PODFILE CHECKSUM: 47fb5039eae4913e6ff2df4eff66f9cfb5f348aa

COCOAPODS: 1.12.1
